{
  "name": "@mds-coding/http",
  "version": "2.0.0",
  "lockfileVersion": 3,
  "requires": true,
  "packages": {
    "": {
      "name": "@mds-coding/http",
      "version": "2.0.0",
      "license": "ISC",
      "dependencies": {
        "@mds-coding/http-handler-interface": "^2.0.0",
        "@mds-coding/http-method": "^2.0.0",
        "@mds-coding/http-request": "^2.0.0",
        "@mds-coding/http-response": "^1.0.0"
      },
      "devDependencies": {
        "typescript": "^5.6.3"
      }
    },
    "node_modules/@mds-coding/http-handler-interface": {
      "version": "2.0.0",
      "resolved": "https://registry.npmjs.org/@mds-coding/http-handler-interface/-/http-handler-interface-2.0.0.tgz",
      "integrity": "sha512-BAQF9PdaHZV8t2PfrnrR1EI5RSKO0PEg2YtyD+nNkAyNEBOB5sICLvBqRwF2NFDOrA/zbasDekq1g+J3cvzacg==",
      "license": "ISC",
      "dependencies": {
        "@mds-coding/http-request": "^1.0.0",
        "@mds-coding/http-response": "^1.0.0"
      }
    },
    "node_modules/@mds-coding/http-handler-interface/node_modules/@mds-coding/http-method": {
      "version": "1.0.0",
      "resolved": "https://registry.npmjs.org/@mds-coding/http-method/-/http-method-1.0.0.tgz",
      "integrity": "sha512-5I67QWaI1gzT+BGKCIBWEHo/L9Qbt8SJcW3aUKMvxrCCxNfZrbVfif2KjKpG6/BvQj+QmZwhsJwU7FCM0sdA0Q==",
      "license": "ISC"
    },
    "node_modules/@mds-coding/http-handler-interface/node_modules/@mds-coding/http-request": {
      "version": "1.0.0",
      "resolved": "https://registry.npmjs.org/@mds-coding/http-request/-/http-request-1.0.0.tgz",
      "integrity": "sha512-7S/czpO7WvQzG59pIcaKpicZixLi4Ddm/8UEk4ypde2GNT4bJyL4uz84sKVnUE7gGq/kSQJruTSq++DF3+KkTg==",
      "license": "ISC",
      "dependencies": {
        "@mds-coding/http-method": "^1.0.0"
      }
    },
    "node_modules/@mds-coding/http-method": {
      "version": "2.0.0",
      "resolved": "https://registry.npmjs.org/@mds-coding/http-method/-/http-method-2.0.0.tgz",
      "integrity": "sha512-3rffNHiWi0X7wKX7aGNI3e+7Q0HPUhjD+gps6t0zLp9g91P9sxMD2yfBBfhBm3vAuEbgKvHeepevtsDFaTKq3g==",
      "license": "ISC"
    },
    "node_modules/@mds-coding/http-request": {
      "version": "2.0.0",
      "resolved": "https://registry.npmjs.org/@mds-coding/http-request/-/http-request-2.0.0.tgz",
      "integrity": "sha512-41c8rPGle7jDH7MRuiYCNfEGM1E8Dc69abmsjxCzWZuGJjqQOmMERkyF+WhqDSUfsN1vQ2Exv+Vf1IcGcvlq5A==",
      "license": "ISC",
      "dependencies": {
        "@mds-coding/http-method": "^2.0.0"
      }
    },
    "node_modules/@mds-coding/http-response": {
      "version": "1.0.0",
      "resolved": "https://registry.npmjs.org/@mds-coding/http-response/-/http-response-1.0.0.tgz",
      "integrity": "sha512-w8nqmKxa7bmDfNMq1qrZNY9kmdXWFtgIBi2jfwNEDQWFLpbqx6iECgLAq6uGyCGGbbHGpvI3xwaqxKOBgDvZCg==",
      "license": "ISC"
    },
    "node_modules/typescript": {
      "version": "5.6.3",
      "resolved": "https://registry.npmjs.org/typescript/-/typescript-5.6.3.tgz",
      "integrity": "sha512-hjcS1mhfuyi4WW8IWtjP7brDrG2cuDZukyrYrSauoXGNgx0S7zceP07adYkJycEr56BOUTNPzbInooiN3fn1qw==",
      "dev": true,
      "license": "Apache-2.0",
      "bin": {
        "tsc": "bin/tsc",
        "tsserver": "bin/tsserver"
      },
      "engines": {
        "node": ">=14.17"
      }
    }
  }
}
